{
  "nodes": {
    "flake-parts": {
      "inputs": {
        "nixpkgs-lib": "nixpkgs-lib"
      },
      "locked": {
        "lastModified": 1765835352,
        "narHash": "sha256-XswHlK/Qtjasvhd1nOa1e8MgZ8GS//jBoTqWtrS1Giw=",
        "owner": "hercules-ci",
        "repo": "flake-parts",
        "rev": "a34fae9c08a15ad73f295041fec82323541400a9",
        "type": "github"
      },
      "original": {
        "owner": "hercules-ci",
        "repo": "flake-parts",
        "type": "github"
      }
    },
    "lean4-nix": {
      "inputs": {
        "flake-parts": "flake-parts",
        "nixpkgs": [
          "nixpkgs"
        ]
      },
      "locked": {
        "lastModified": 1782856074,
        "narHash": "sha256-1IIy4mXhVSxKR6Wcf6hceMJt7V3HHRTqOQRvY/PxZF8=",
        "owner": "lenianiva",
        "repo": "lean4-nix",
        "rev": "1ac326fe8e88796156906b0ad8272364f01a7cdc",
        "type": "github"
      },
      "original": {
        "owner": "lenianiva",
        "repo": "lean4-nix",
        "rev": "1ac326fe8e88796156906b0ad8272364f01a7cdc",
        "type": "github"
      }
    },
    "nixpkgs": {
      "locked": {
        "lastModified": 1782764868,
        "narHash": "sha256-7ZOVqNZSb1CWXes02nQuRMYpaRtM61fKfRTRZf76prs=",
        "owner": "sensenet-ai",
        "repo": "nixpkgs",
        "rev": "ddb5e98374d1f16c86ecd70d9c4e2d6c6a5e8dbc",
        "type": "github"
      },
      "original": {
        "owner": "sensenet-ai",
        "repo": "nixpkgs",
        "rev": "ddb5e98374d1f16c86ecd70d9c4e2d6c6a5e8dbc",
        "type": "github"
      }
    },
    "nixpkgs-lib": {
      "locked": {
        "lastModified": 1765674936,
        "narHash": "sha256-k00uTP4JNfmejrCLJOwdObYC9jHRrr/5M/a/8L2EIdo=",
        "owner": "nix-community",
        "repo": "nixpkgs.lib",
        "rev": "2075416fcb47225d9b68ac469a5c4801a9c4dd85",
        "type": "github"
      },
      "original": {
        "owner": "nix-community",
        "repo": "nixpkgs.lib",
        "type": "github"
      }
    },
    "root": {
      "inputs": {
        "lean4-nix": "lean4-nix",
        "nixpkgs": "nixpkgs"
      }
    }
  },
  "root": "root",
  "version": 7
}
